// !$*UTF8*$!
{
	archiveVersion = 1;
	classes = {
	};
	objectVersion = 46;
	objects = {

/* Begin PBXBuildFile section */
		1821BAC018D5FB1D00B27819 /* kanbase.png in Resources */ = {isa = PBXBuildFile; fileRef = 1821BABF18D5FB1D00B27819 /* kanbase.png */; };
		1821BAC218D5FB2200B27819 /* 006.jpg in Resources */ = {isa = PBXBuildFile; fileRef = 1821BAC118D5FB2200B27819 /* 006.jpg */; };
		1821BAC718D606C800B27819 /* flower.jpg in Resources */ = {isa = PBXBuildFile; fileRef = 1821BAC618D606C800B27819 /* flower.jpg */; };
		1821BACA18D6085600B27819 /* MyObject.m in Sources */ = {isa = PBXBuildFile; fileRef = 1821BAC918D6085600B27819 /* MyObject.m */; };
		D52B777D18D5C12800A264C2 /* Foundation.framework in Frameworks */ = {isa = PBXBuildFile; fileRef = D52B777C18D5C12800A264C2 /* Foundation.framework */; };
		D52B777F18D5C12800A264C2 /* CoreGraphics.framework in Frameworks */ = {isa = PBXBuildFile; fileRef = D52B777E18D5C12800A264C2 /* CoreGraphics.framework */; };
		D52B778118D5C12800A264C2 /* UIKit.framework in Frameworks */ = {isa = PBXBuildFile; fileRef = D52B778018D5C12800A264C2 /* UIKit.framework */; };
		D52B778718D5C12800A264C2 /* InfoPlist.strings in Resources */ = {isa = PBXBuildFile; fileRef = D52B778518D5C12800A264C2 /* InfoPlist.strings */; };
		D52B778918D5C12800A264C2 /* main.m in Sources */ = {isa = PBXBuildFile; fileRef = D52B778818D5C12800A264C2 /* main.m */; };
		D52B778D18D5C12800A264C2 /* AppDelegate.m in Sources */ = {isa = PBXBuildFile; fileRef = D52B778C18D5C12800A264C2 /* AppDelegate.m */; };
		D52B779018D5C12800A264C2 /* Main_iPhone.storyboard in Resources */ = {isa = PBXBuildFile; fileRef = D52B778E18D5C12800A264C2 /* Main_iPhone.storyboard */; };
		D52B779318D5C12800A264C2 /* Main_iPad.storyboard in Resources */ = {isa = PBXBuildFile; fileRef = D52B779118D5C12800A264C2 /* Main_iPad.storyboard */; };
		D52B779618D5C12800A264C2 /* ViewController.m in Sources */ = {isa = PBXBuildFile; fileRef = D52B779518D5C12800A264C2 /* ViewController.m */; };
		D52B779818D5C12800A264C2 /* Images.xcassets in Resources */ = {isa = PBXBuildFile; fileRef = D52B779718D5C12800A264C2 /* Images.xcassets */; };
		D52B779F18D5C12800A264C2 /* XCTest.framework in Frameworks */ = {isa = PBXBuildFile; fileRef = D52B779E18D5C12800A264C2 /* XCTest.framework */; };
		D52B77A018D5C12800A264C2 /* Foundation.framework in Frameworks */ = {isa = PBXBuildFile; fileRef = D52B777C18D5C12800A264C2 /* Foundation.framework */; };
		D52B77A118D5C12800A264C2 /* UIKit.framework in Frameworks */ = {isa = PBXBuildFile; fileRef = D52B778018D5C12800A264C2 /* UIKit.framework */; };
		D52B77A918D5C12800A264C2 /* InfoPlist.strings in Resources */ = {isa = PBXBuildFile; fileRef = D52B77A718D5C12800A264C2 /* InfoPlist.strings */; };
		D52B77AB18D5C12800A264C2 /* KTestTests.m in Sources */ = {isa = PBXBuildFile; fileRef = D52B77AA18D5C12800A264C2 /* KTestTests.m */; };
		D52B77B618D5C28B00A264C2 /* Kanmusu.m in Sources */ = {isa = PBXBuildFile; fileRef = D52B77B518D5C28B00A264C2 /* Kanmusu.m */; };
/* End PBXBuildFile section */

/* Begin PBXContainerItemProxy section */
		D52B77A218D5C12800A264C2 /* PBXContainerItemProxy */ = {
			isa = PBXContainerItemProxy;
			containerPortal = D52B777118D5C12800A264C2 /* Project object */;
			proxyType = 1;
			remoteGlobalIDString = D52B777818D5C12800A264C2;
			remoteInfo = KTest;
		};
/* End PBXContainerItemProxy section */

/* Begin PBXFileReference section */
		1821BABF18D5FB1D00B27819 /* kanbase.png */ = {isa = PBXFileReference; lastKnownFileType = image.png; path = kanbase.png; sourceTree = "<group>"; };
		1821BAC118D5FB2200B27819 /* 006.jpg */ = {isa = PBXFileReference; lastKnownFileType = image.jpeg; path = 006.jpg; sourceTree = "<group>"; };
		1821BAC618D606C800B27819 /* flower.jpg */ = {isa = PBXFileReference; lastKnownFileType = image.jpeg; path = flower.jpg; sourceTree = "<group>"; };
		1821BAC818D6085600B27819 /* MyObject.h */ = {isa = PBXFileReference; fileEncoding = 4; lastKnownFileType = sourcecode.c.h; path = MyObject.h; sourceTree = "<group>"; };
		1821BAC918D6085600B27819 /* MyObject.m */ = {isa = PBXFileReference; fileEncoding = 4; lastKnownFileType = sourcecode.c.objc; path = MyObject.m; sourceTree = "<group>"; };
		D52B777918D5C12800A264C2 /* KTest.app */ = {isa = PBXFileReference; explicitFileType = wrapper.application; includeInIndex = 0; path = KTest.app; sourceTree = BUILT_PRODUCTS_DIR; };
		D52B777C18D5C12800A264C2 /* Foundation.framework */ = {isa = PBXFileReference; lastKnownFileType = wrapper.framework; name = Foundation.framework; path = System/Library/Frameworks/Foundation.framework; sourceTree = SDKROOT; };
		D52B777E18D5C12800A264C2 /* CoreGraphics.framework */ = {isa = PBXFileReference; lastKnownFileType = wrapper.framework; name = CoreGraphics.framework; path = System/Library/Frameworks/CoreGraphics.framework; sourceTree = SDKROOT; };
		D52B778018D5C12800A264C2 /* UIKit.framework */ = {isa = PBXFileReference; lastKnownFileType = wrapper.framework; name = UIKit.framework; path = System/Library/Frameworks/UIKit.framework; sourceTree = SDKROOT; };
		D52B778418D5C12800A264C2 /* KTest-Info.plist */ = {isa = PBXFileReference; lastKnownFileType = text.plist.xml; path = "KTest-Info.plist"; sourceTree = "<group>"; };
		D52B778618D5C12800A264C2 /* en */ = {isa = PBXFileReference; lastKnownFileType = text.plist.strings; name = en; path = en.lproj/InfoPlist.strings; sourceTree = "<group>"; };
		D52B778818D5C12800A264C2 /* main.m */ = {isa = PBXFileReference; lastKnownFileType = sourcecode.c.objc; path = main.m; sourceTree = "<group>"; };
		D52B778A18D5C12800A264C2 /* KTest-Prefix.pch */ = {isa = PBXFileReference; lastKnownFileType = sourcecode.c.h; path = "KTest-Prefix.pch"; sourceTree = "<group>"; };
		D52B778B18D5C12800A264C2 /* AppDelegate.h */ = {isa = PBXFileReference; lastKnownFileType = sourcecode.c.h; path = AppDelegate.h; sourceTree = "<group>"; };
		D52B778C18D5C12800A264C2 /* AppDelegate.m */ = {isa = PBXFileReference; lastKnownFileType = sourcecode.c.objc; path = AppDelegate.m; sourceTree = "<group>"; };
		D52B778F18D5C12800A264C2 /* Base */ = {isa = PBXFileReference; lastKnownFileType = file.storyboard; name = Base; path = Base.lproj/Main_iPhone.storyboard; sourceTree = "<group>"; };
		D52B779218D5C12800A264C2 /* Base */ = {isa = PBXFileReference; lastKnownFileType = file.storyboard; name = Base; path = Base.lproj/Main_iPad.storyboard; sourceTree = "<group>"; };
		D52B779418D5C12800A264C2 /* ViewController.h */ = {isa = PBXFileReference; lastKnownFileType = sourcecode.c.h; path = ViewController.h; sourceTree = "<group>"; };
		D52B779518D5C12800A264C2 /* ViewController.m */ = {isa = PBXFileReference; lastKnownFileType = sourcecode.c.objc; path = ViewController.m; sourceTree = "<group>"; };
		D52B779718D5C12800A264C2 /* Images.xcassets */ = {isa = PBXFileReference; lastKnownFileType = folder.assetcatalog; path = Images.xcassets; sourceTree = "<group>"; };
		D52B779D18D5C12800A264C2 /* KTestTests.xctest */ = {isa = PBXFileReference; explicitFileType = wrapper.cfbundle; includeInIndex = 0; path = KTestTests.xctest; sourceTree = BUILT_PRODUCTS_DIR; };
		D52B779E18D5C12800A264C2 /* XCTest.framework */ = {isa = PBXFileReference; lastKnownFileType = wrapper.framework; name = XCTest.framework; path = Library/Frameworks/XCTest.framework; sourceTree = DEVELOPER_DIR; };
		D52B77A618D5C12800A264C2 /* KTestTests-Info.plist */ = {isa = PBXFileReference; lastKnownFileType = text.plist.xml; path = "KTestTests-Info.plist"; sourceTree = "<group>"; };
		D52B77A818D5C12800A264C2 /* en */ = {isa = PBXFileReference; lastKnownFileType = text.plist.strings; name = en; path = en.lproj/InfoPlist.strings; sourceTree = "<group>"; };
		D52B77AA18D5C12800A264C2 /* KTestTests.m */ = {isa = PBXFileReference; lastKnownFileType = sourcecode.c.objc; path = KTestTests.m; sourceTree = "<group>"; };
		D52B77B418D5C28B00A264C2 /* Kanmusu.h */ = {isa = PBXFileReference; fileEncoding = 4; lastKnownFileType = sourcecode.c.h; path = Kanmusu.h; sourceTree = "<group>"; };
		D52B77B518D5C28B00A264C2 /* Kanmusu.m */ = {isa = PBXFileReference; fileEncoding = 4; lastKnownFileType = sourcecode.c.objc; path = Kanmusu.m; sourceTree = "<group>"; };
/* End PBXFileReference section */

/* Begin PBXFrameworksBuildPhase section */
		D52B777618D5C12800A264C2 /* Frameworks */ = {
			isa = PBXFrameworksBuildPhase;
			buildActionMask = 2147483647;
			files = (
				D52B777F18D5C12800A264C2 /* CoreGraphics.framework in Frameworks */,
				D52B778118D5C12800A264C2 /* UIKit.framework in Frameworks */,
				D52B777D18D5C12800A264C2 /* Foundation.framework in Frameworks */,
			);
			runOnlyForDeploymentPostprocessing = 0;
		};
		D52B779A18D5C12800A264C2 /* Frameworks */ = {
			isa = PBXFrameworksBuildPhase;
			buildActionMask = 2147483647;
			files = (
				D52B779F18D5C12800A264C2 /* XCTest.framework in Frameworks */,
				D52B77A118D5C12800A264C2 /* UIKit.framework in Frameworks */,
				D52B77A018D5C12800A264C2 /* Foundation.framework in Frameworks */,
			);
			runOnlyForDeploymentPostprocessing = 0;
		};
/* End PBXFrameworksBuildPhase section */

/* Begin PBXGroup section */
		D52B777018D5C12800A264C2 = {
			isa = PBXGroup;
			children = (
				D52B778218D5C12800A264C2 /* KTest */,
				D52B77A418D5C12800A264C2 /* KTestTests */,
				D52B777B18D5C12800A264C2 /* Frameworks */,
				D52B777A18D5C12800A264C2 /* Products */,
			);
			sourceTree = "<group>";
		};
		D52B777A18D5C12800A264C2 /* Products */ = {
			isa = PBXGroup;
			children = (
				D52B777918D5C12800A264C2 /* KTest.app */,
				D52B779D18D5C12800A264C2 /* KTestTests.xctest */,
			);
			name = Products;
			sourceTree = "<group>";
		};
		D52B777B18D5C12800A264C2 /* Frameworks */ = {
			isa = PBXGroup;
			children = (
				D52B777C18D5C12800A264C2 /* Foundation.framework */,
				D52B777E18D5C12800A264C2 /* CoreGraphics.framework */,
				D52B778018D5C12800A264C2 /* UIKit.framework */,
				D52B779E18D5C12800A264C2 /* XCTest.framework */,
			);
			name = Frameworks;
			sourceTree = "<group>";
		};
		D52B778218D5C12800A264C2 /* KTest */ = {
			isa = PBXGroup;
			children = (
				1821BAC818D6085600B27819 /* MyObject.h */,
				1821BAC918D6085600B27819 /* MyObject.m */,
				D52B77B418D5C28B00A264C2 /* Kanmusu.h */,
				D52B77B518D5C28B00A264C2 /* Kanmusu.m */,
				D52B778B18D5C12800A264C2 /* AppDelegate.h */,
				D52B778C18D5C12800A264C2 /* AppDelegate.m */,
				D52B778E18D5C12800A264C2 /* Main_iPhone.storyboard */,
				D52B779118D5C12800A264C2 /* Main_iPad.storyboard */,
				D52B779418D5C12800A264C2 /* ViewController.h */,
				D52B779518D5C12800A264C2 /* ViewController.m */,
				1821BAC618D606C800B27819 /* flower.jpg */,
				1821BABF18D5FB1D00B27819 /* kanbase.png */,
				1821BAC118D5FB2200B27819 /* 006.jpg */,
				D52B779718D5C12800A264C2 /* Images.xcassets */,
				D52B778318D5C12800A264C2 /* Supporting Files */,
			);
			path = KTest;
			sourceTree = "<group>";
		};
		D52B778318D5C12800A264C2 /* Supporting Files */ = {
			isa = PBXGroup;
			children = (
				D52B778418D5C12800A264C2 /* KTest-Info.plist */,
				D52B778518D5C12800A264C2 /* InfoPlist.strings */,
				D52B778818D5C12800A264C2 /* main.m */,
				D52B778A18D5C12800A264C2 /* KTest-Prefix.pch */,
			);
			name = "Supporting Files";
			sourceTree = "<group>";
		};
		D52B77A418D5C12800A264C2 /* KTestTests */ = {
			isa = PBXGroup;
			children = (
				D52B77AA18D5C12800A264C2 /* KTestTests.m */,
				D52B77A518D5C12800A264C2 /* Supporting Files */,
			);
			path = KTestTests;
			sourceTree = "<group>";
		};
		D52B77A518D5C12800A264C2 /* Supporting Files */ = {
			isa = PBXGroup;
			children = (
				D52B77A618D5C12800A264C2 /* KTestTests-Info.plist */,
				D52B77A718D5C12800A264C2 /* InfoPlist.strings */,
			);
			name = "Supporting Files";
			sourceTree = "<group>";
		};
/* End PBXGroup section */

/* Begin PBXNativeTarget section */
		D52B777818D5C12800A264C2 /* KTest */ = {
			isa = PBXNativeTarget;
			buildConfigurationList = D52B77AE18D5C12800A264C2 /* Build configuration list for PBXNativeTarget "KTest" */;
			buildPhases = (
				D52B777518D5C12800A264C2 /* Sources */,
				D52B777618D5C12800A264C2 /* Frameworks */,
				D52B777718D5C12800A264C2 /* Resources */,
			);
			buildRules = (
			);
			dependencies = (
			);
			name = KTest;
			productName = KTest;
			productReference = D52B777918D5C12800A264C2 /* KTest.app */;
			productType = "com.apple.product-type.application";
		};
		D52B779C18D5C12800A264C2 /* KTestTests */ = {
			isa = PBXNativeTarget;
			buildConfigurationList = D52B77B118D5C12800A264C2 /* Build configuration list for PBXNativeTarget "KTestTests" */;
			buildPhases = (
				D52B779918D5C12800A264C2 /* Sources */,
				D52B779A18D5C12800A264C2 /* Frameworks */,
				D52B779B18D5C12800A264C2 /* Resources */,
			);
			buildRules = (
			);
			dependencies = (
				D52B77A318D5C12800A264C2 /* PBXTargetDependency */,
			);
			name = KTestTests;
			productName = KTestTests;
			productReference = D52B779D18D5C12800A264C2 /* KTestTests.xctest */;
			productType = "com.apple.product-type.bundle.unit-test";
		};
/* End PBXNativeTarget section */

/* Begin PBXProject section */
		D52B777118D5C12800A264C2 /* Project object */ = {
			isa = PBXProject;
			attributes = {
				LastUpgradeCheck = 0510;
				ORGANIZATIONNAME = Toyship.org;
				TargetAttributes = {
					D52B779C18D5C12800A264C2 = {
						TestTargetID = D52B777818D5C12800A264C2;
					};
				};
			};
			buildConfigurationList = D52B777418D5C12800A264C2 /* Build configuration list for PBXProject "KTest" */;
			compatibilityVersion = "Xcode 3.2";
			developmentRegion = English;
			hasScannedForEncodings = 0;
			knownRegions = (
				en,
				Base,
			);
			mainGroup = D52B777018D5C12800A264C2;
			productRefGroup = D52B777A18D5C12800A264C2 /* Products */;
			projectDirPath = "";
			projectRoot = "";
			targets = (
				D52B777818D5C12800A264C2 /* KTest */,
				D52B779C18D5C12800A264C2 /* KTestTests */,
			);
		};
/* End PBXProject section */

/* Begin PBXResourcesBuildPhase section */
		D52B777718D5C12800A264C2 /* Resources */ = {
			isa = PBXResourcesBuildPhase;
			buildActionMask = 2147483647;
			files = (
				D52B779318D5C12800A264C2 /* Main_iPad.storyboard in Resources */,
				1821BAC018D5FB1D00B27819 /* kanbase.png in Resources */,
				D52B779818D5C12800A264C2 /* Images.xcassets in Resources */,
				1821BAC718D606C800B27819 /* flower.jpg in Resources */,
				D52B779018D5C12800A264C2 /* Main_iPhone.storyboard in Resources */,
				D52B778718D5C12800A264C2 /* InfoPlist.strings in Resources */,
				1821BAC218D5FB2200B27819 /* 006.jpg in Resources */,
			);
			runOnlyForDeploymentPostprocessing = 0;
		};
		D52B779B18D5C12800A264C2 /* Resources */ = {
			isa = PBXResourcesBuildPhase;
			buildActionMask = 2147483647;
			files = (
				D52B77A918D5C12800A264C2 /* InfoPlist.strings in Resources */,
			);
			runOnlyForDeploymentPostprocessing = 0;
		};
/* End PBXResourcesBuildPhase section */

/* Begin PBXSourcesBuildPhase section */
		D52B777518D5C12800A264C2 /* Sources */ = {
			isa = PBXSourcesBuildPhase;
			buildActionMask = 2147483647;
			files = (
				D52B77B618D5C28B00A264C2 /* Kanmusu.m in Sources */,
				D52B779618D5C12800A264C2 /* ViewController.m in Sources */,
				D52B778D18D5C12800A264C2 /* AppDelegate.m in Sources */,
				D52B778918D5C12800A264C2 /* main.m in Sources */,
				1821BACA18D6085600B27819 /* MyObject.m in Sources */,
			);
			runOnlyForDeploymentPostprocessing = 0;
		};
		D52B779918D5C12800A264C2 /* Sources */ = {
			isa = PBXSourcesBuildPhase;
			buildActionMask = 2147483647;
			files = (
				D52B77AB18D5C12800A264C2 /* KTestTests.m in Sources */,
			);
			runOnlyForDeploymentPostprocessing = 0;
		};
/* End PBXSourcesBuildPhase section */

/* Begin PBXTargetDependency section */
		D52B77A318D5C12800A264C2 /* PBXTargetDependency */ = {
			isa = PBXTargetDependency;
			target = D52B777818D5C12800A264C2 /* KTest */;
			targetProxy = D52B77A218D5C12800A264C2 /* PBXContainerItemProxy */;
		};
/* End PBXTargetDependency section */

/* Begin PBXVariantGroup section */
		D52B778518D5C12800A264C2 /* InfoPlist.strings */ = {
			isa = PBXVariantGroup;
			children = (
				D52B778618D5C12800A264C2 /* en */,
			);
			name = InfoPlist.strings;
			sourceTree = "<group>";
		};
		D52B778E18D5C12800A264C2 /* Main_iPhone.storyboard */ = {
			isa = PBXVariantGroup;
			children = (
				D52B778F18D5C12800A264C2 /* Base */,
			);
			name = Main_iPhone.storyboard;
			sourceTree = "<group>";
		};
		D52B779118D5C12800A264C2 /* Main_iPad.storyboard */ = {
			isa = PBXVariantGroup;
			children = (
				D52B779218D5C12800A264C2 /* Base */,
			);
			name = Main_iPad.storyboard;
			sourceTree = "<group>";
		};
		D52B77A718D5C12800A264C2 /* InfoPlist.strings */ = {
			isa = PBXVariantGroup;
			children = (
				D52B77A818D5C12800A264C2 /* en */,
			);
			name = InfoPlist.strings;
			sourceTree = "<group>";
		};
/* End PBXVariantGroup section */

/* Begin XCBuildConfiguration section */
		D52B77AC18D5C12800A264C2 /* Debug */ = {
			isa = XCBuildConfiguration;
			buildSettings = {
				ALWAYS_SEARCH_USER_PATHS = NO;
				CLANG_CXX_LANGUAGE_STANDARD = "gnu++0x";
				CLANG_CXX_LIBRARY = "libc++";
				CLANG_ENABLE_MODULES = YES;
				CLANG_ENABLE_OBJC_ARC = YES;
				CLANG_WARN_BOOL_CONVERSION = YES;
				CLANG_WARN_CONSTANT_CONVERSION = YES;
				CLANG_WARN_DIRECT_OBJC_ISA_USAGE = YES_ERROR;
				CLANG_WARN_EMPTY_BODY = YES;
				CLANG_WARN_ENUM_CONVERSION = YES;
				CLANG_WARN_INT_CONVERSION = YES;
				CLANG_WARN_OBJC_ROOT_CLASS = YES_ERROR;
				CLANG_WARN__DUPLICATE_METHOD_MATCH = YES;
				"CODE_SIGN_IDENTITY[sdk=iphoneos*]" = "iPhone Developer";
				COPY_PHASE_STRIP = NO;
				GCC_C_LANGUAGE_STANDARD = gnu99;
				GCC_DYNAMIC_NO_PIC = NO;
				GCC_OPTIMIZATION_LEVEL = 0;
				GCC_PREPROCESSOR_DEFINITIONS = (
					"DEBUG=1",
					"$(inherited)",
				);
				GCC_SYMBOLS_PRIVATE_EXTERN = NO;
				GCC_WARN_64_TO_32_BIT_CONVERSION = YES;
				GCC_WARN_ABOUT_RETURN_TYPE = YES_ERROR;
				GCC_WARN_UNDECLARED_SELECTOR = YES;
				GCC_WARN_UNINITIALIZED_AUTOS = YES_AGGRESSIVE;
				GCC_WARN_UNUSED_FUNCTION = YES;
				GCC_WARN_UNUSED_VARIABLE = YES;
				IPHONEOS_DEPLOYMENT_TARGET = 7.1;
				ONLY_ACTIVE_ARCH = YES;
				SDKROOT = iphoneos;
				TARGETED_DEVICE_FAMILY = "1,2";
			};
			name = Debug;
		};
		D52B77AD18D5C12800A264C2 /* Release */ = {
			isa = XCBuildConfiguration;
			buildSettings = {
				ALWAYS_SEARCH_USER_PATHS = NO;
				CLANG_CXX_LANGUAGE_STANDARD = "gnu++0x";
				CLANG_CXX_LIBRARY = "libc++";
				CLANG_ENABLE_MODULES = YES;
				CLANG_ENABLE_OBJC_ARC = YES;
				CLANG_WARN_BOOL_CONVERSION = YES;
				CLANG_WARN_CONSTANT_CONVERSION = YES;
				CLANG_WARN_DIRECT_OBJC_ISA_USAGE = YES_ERROR;
				CLANG_WARN_EMPTY_BODY = YES;
				CLANG_WARN_ENUM_CONVERSION = YES;
				CLANG_WARN_INT_CONVERSION = YES;
				CLANG_WARN_OBJC_ROOT_CLASS = YES_ERROR;
				CLANG_WARN__DUPLICATE_METHOD_MATCH = YES;
				"CODE_SIGN_IDENTITY[sdk=iphoneos*]" = "iPhone Developer";
				COPY_PHASE_STRIP = YES;
				ENABLE_NS_ASSERTIONS = NO;
				GCC_C_LANGUAGE_STANDARD = gnu99;
				GCC_WARN_64_TO_32_BIT_CONVERSION = YES;
				GCC_WARN_ABOUT_RETURN_TYPE = YES_ERROR;
				GCC_WARN_UNDECLARED_SELECTOR = YES;
				GCC_WARN_UNINITIALIZED_AUTOS = YES_AGGRESSIVE;
				GCC_WARN_UNUSED_FUNCTION = YES;
				GCC_WARN_UNUSED_VARIABLE = YES;
				IPHONEOS_DEPLOYMENT_TARGET = 7.1;
				SDKROOT = iphoneos;
				TARGETED_DEVICE_FAMILY = "1,2";
				VALIDATE_PRODUCT = YES;
			};
			name = Release;
		};
		D52B77AF18D5C12800A264C2 /* Debug */ = {
			isa = XCBuildConfiguration;
			buildSettings = {
				ASSETCATALOG_COMPILER_APPICON_NAME = AppIcon;
				ASSETCATALOG_COMPILER_LAUNCHIMAGE_NAME = LaunchImage;
				GCC_PRECOMPILE_PREFIX_HEADER = YES;
				GCC_PREFIX_HEADER = "KTest/KTest-Prefix.pch";
				INFOPLIST_FILE = "KTest/KTest-Info.plist";
				PRODUCT_NAME = "$(TARGET_NAME)";
				WRAPPER_EXTENSION = app;
			};
			name = Debug;
		};
		D52B77B018D5C12800A264C2 /* Release */ = {
			isa = XCBuildConfiguration;
			buildSettings = {
				ASSETCATALOG_COMPILER_APPICON_NAME = AppIcon;
				ASSETCATALOG_COMPILER_LAUNCHIMAGE_NAME = LaunchImage;
				GCC_PRECOMPILE_PREFIX_HEADER = YES;
				GCC_PREFIX_HEADER = "KTest/KTest-Prefix.pch";
				INFOPLIST_FILE = "KTest/KTest-Info.plist";
				PRODUCT_NAME = "$(TARGET_NAME)";
				WRAPPER_EXTENSION = app;
			};
			name = Release;
		};
		D52B77B218D5C12800A264C2 /* Debug */ = {
			isa = XCBuildConfiguration;
			buildSettings = {
				BUNDLE_LOADER = "$(BUILT_PRODUCTS_DIR)/KTest.app/KTest";
				FRAMEWORK_SEARCH_PATHS = (
					"$(SDKROOT)/Developer/Library/Frameworks",
					"$(inherited)",
					"$(DEVELOPER_FRAMEWORKS_DIR)",
				);
				GCC_PRECOMPILE_PREFIX_HEADER = YES;
				GCC_PREFIX_HEADER = "KTest/KTest-Prefix.pch";
				GCC_PREPROCESSOR_DEFINITIONS = (
					"DEBUG=1",
					"$(inherited)",
				);
				INFOPLIST_FILE = "KTestTests/KTestTests-Info.plist";
				PRODUCT_NAME = "$(TARGET_NAME)";
				TEST_HOST = "$(BUNDLE_LOADER)";
				WRAPPER_EXTENSION = xctest;
			};
			name = Debug;
		};
		D52B77B318D5C12800A264C2 /* Release */ = {
			isa = XCBuildConfiguration;
			buildSettings = {
				BUNDLE_LOADER = "$(BUILT_PRODUCTS_DIR)/KTest.app/KTest";
				FRAMEWORK_SEARCH_PATHS = (
					"$(SDKROOT)/Developer/Library/Frameworks",
					"$(inherited)",
					"$(DEVELOPER_FRAMEWORKS_DIR)",
				);
				GCC_PRECOMPILE_PREFIX_HEADER = YES;
				GCC_PREFIX_HEADER = "KTest/KTest-Prefix.pch";
				INFOPLIST_FILE = "KTestTests/KTestTests-Info.plist";
				PRODUCT_NAME = "$(TARGET_NAME)";
				TEST_HOST = "$(BUNDLE_LOADER)";
				WRAPPER_EXTENSION = xctest;
			};
			name = Release;
		};
/* End XCBuildConfiguration section */

/* Begin XCConfigurationList section */
		D52B777418D5C12800A264C2 /* Build configuration list for PBXProject "KTest" */ = {
			isa = XCConfigurationList;
			buildConfigurations = (
				D52B77AC18D5C12800A264C2 /* Debug */,
				D52B77AD18D5C12800A264C2 /* Release */,
			);
			defaultConfigurationIsVisible = 0;
			defaultConfigurationName = Release;
		};
		D52B77AE18D5C12800A264C2 /* Build configuration list for PBXNativeTarget "KTest" */ = {
			isa = XCConfigurationList;
			buildConfigurations = (
				D52B77AF18D5C12800A264C2 /* Debug */,
				D52B77B018D5C12800A264C2 /* Release */,
			);
			defaultConfigurationIsVisible = 0;
			defaultConfigurationName = Release;
		};
		D52B77B118D5C12800A264C2 /* Build configuration list for PBXNativeTarget "KTestTests" */ = {
			isa = XCConfigurationList;
			buildConfigurations = (
				D52B77B218D5C12800A264C2 /* Debug */,
				D52B77B318D5C12800A264C2 /* Release */,
			);
			defaultConfigurationIsVisible = 0;
			defaultConfigurationName = Release;
		};
/* End XCConfigurationList section */
	};
	rootObject = D52B777118D5C12800A264C2 /* Project object */;
}
